// !$*UTF8*$!
{
	archiveVersion = 1;
	classes = {
	};
	objectVersion = 50;
	objects = {

/* Begin PBXBuildFile section */
		C8802A0726C76D0E00C3E96E /* AffirmationView.swift in Sources */ = {isa = PBXBuildFile; fileRef = C8802A0626C76D0E00C3E96E /* AffirmationView.swift */; };
		C8802A0926C83E7900C3E96E /* Data.swift in Sources */ = {isa = PBXBuildFile; fileRef = C8802A0826C83E7900C3E96E /* Data.swift */; };
		C8802A0C26C9B67600C3E96E /* AffirmationViewModel.swift in Sources */ = {isa = PBXBuildFile; fileRef = C8802A0B26C9B67600C3E96E /* AffirmationViewModel.swift */; };
		C8802A0E26CFB27A00C3E96E /* AffirmationButtons.swift in Sources */ = {isa = PBXBuildFile; fileRef = C8802A0D26CFB27A00C3E96E /* AffirmationButtons.swift */; };
		C8802A1026CFB31400C3E96E /* SettingsViewModel.swift in Sources */ = {isa = PBXBuildFile; fileRef = C8802A0F26CFB31400C3E96E /* SettingsViewModel.swift */; };
		C8802A1326D1781F00C3E96E /* TabButton.swift in Sources */ = {isa = PBXBuildFile; fileRef = C8802A1226D1781F00C3E96E /* TabButton.swift */; };
		C8802A1526D17F5C00C3E96E /* Blur.swift in Sources */ = {isa = PBXBuildFile; fileRef = C8802A1426D17F5C00C3E96E /* Blur.swift */; };
		C8802A1726D180DA00C3E96E /* ThemeModel.swift in Sources */ = {isa = PBXBuildFile; fileRef = C8802A1626D180DA00C3E96E /* ThemeModel.swift */; };
		C8A4618326C43E7F00C8CCDE /* MriffaApp.swift in Sources */ = {isa = PBXBuildFile; fileRef = C8A4618226C43E7F00C8CCDE /* MriffaApp.swift */; };
		C8A4618726C43E8100C8CCDE /* Assets.xcassets in Resources */ = {isa = PBXBuildFile; fileRef = C8A4618626C43E8100C8CCDE /* Assets.xcassets */; };
		C8A4618A26C43E8100C8CCDE /* Preview Assets.xcassets in Resources */ = {isa = PBXBuildFile; fileRef = C8A4618926C43E8100C8CCDE /* Preview Assets.xcassets */; };
		C8A4619226C440A600C8CCDE /* Chapter.swift in Sources */ = {isa = PBXBuildFile; fileRef = C8A4619126C440A600C8CCDE /* Chapter.swift */; };
		C8E48A9826C444E000C12CE2 /* AffirmationModel.swift in Sources */ = {isa = PBXBuildFile; fileRef = C8E48A9726C444E000C12CE2 /* AffirmationModel.swift */; };
/* End PBXBuildFile section */

/* Begin PBXFileReference section */
		C8802A0626C76D0E00C3E96E /* AffirmationView.swift */ = {isa = PBXFileReference; lastKnownFileType = sourcecode.swift; path = AffirmationView.swift; sourceTree = "<group>"; };
		C8802A0826C83E7900C3E96E /* Data.swift */ = {isa = PBXFileReference; lastKnownFileType = sourcecode.swift; path = Data.swift; sourceTree = "<group>"; };
		C8802A0B26C9B67600C3E96E /* AffirmationViewModel.swift */ = {isa = PBXFileReference; lastKnownFileType = sourcecode.swift; path = AffirmationViewModel.swift; sourceTree = "<group>"; };
		C8802A0D26CFB27A00C3E96E /* AffirmationButtons.swift */ = {isa = PBXFileReference; lastKnownFileType = sourcecode.swift; path = AffirmationButtons.swift; sourceTree = "<group>"; };
		C8802A0F26CFB31400C3E96E /* SettingsViewModel.swift */ = {isa = PBXFileReference; lastKnownFileType = sourcecode.swift; path = SettingsViewModel.swift; sourceTree = "<group>"; };
		C8802A1226D1781F00C3E96E /* TabButton.swift */ = {isa = PBXFileReference; lastKnownFileType = sourcecode.swift; path = TabButton.swift; sourceTree = "<group>"; };
		C8802A1426D17F5C00C3E96E /* Blur.swift */ = {isa = PBXFileReference; lastKnownFileType = sourcecode.swift; path = Blur.swift; sourceTree = "<group>"; };
		C8802A1626D180DA00C3E96E /* ThemeModel.swift */ = {isa = PBXFileReference; lastKnownFileType = sourcecode.swift; path = ThemeModel.swift; sourceTree = "<group>"; };
		C8A4617F26C43E7F00C8CCDE /* Mriffa.app */ = {isa = PBXFileReference; explicitFileType = wrapper.application; includeInIndex = 0; path = Mriffa.app; sourceTree = BUILT_PRODUCTS_DIR; };
		C8A4618226C43E7F00C8CCDE /* MriffaApp.swift */ = {isa = PBXFileReference; lastKnownFileType = sourcecode.swift; path = MriffaApp.swift; sourceTree = "<group>"; };
		C8A4618626C43E8100C8CCDE /* Assets.xcassets */ = {isa = PBXFileReference; lastKnownFileType = folder.assetcatalog; path = Assets.xcassets; sourceTree = "<group>"; };
		C8A4618926C43E8100C8CCDE /* Preview Assets.xcassets */ = {isa = PBXFileReference; lastKnownFileType = folder.assetcatalog; path = "Preview Assets.xcassets"; sourceTree = "<group>"; };
		C8A4618B26C43E8100C8CCDE /* Info.plist */ = {isa = PBXFileReference; lastKnownFileType = text.plist.xml; path = Info.plist; sourceTree = "<group>"; };
		C8A4619126C440A600C8CCDE /* Chapter.swift */ = {isa = PBXFileReference; lastKnownFileType = sourcecode.swift; path = Chapter.swift; sourceTree = "<group>"; };
		C8E48A9726C444E000C12CE2 /* AffirmationModel.swift */ = {isa = PBXFileReference; lastKnownFileType = sourcecode.swift; path = AffirmationModel.swift; sourceTree = "<group>"; };
/* End PBXFileReference section */

/* Begin PBXFrameworksBuildPhase section */
		C8A4617C26C43E7F00C8CCDE /* Frameworks */ = {
			isa = PBXFrameworksBuildPhase;
			buildActionMask = 2147483647;
			files = (
			);
			runOnlyForDeploymentPostprocessing = 0;
		};
/* End PBXFrameworksBuildPhase section */

/* Begin PBXGroup section */
		C8802A0A26C83EE400C3E96E /* Model */ = {
			isa = PBXGroup;
			children = (
				C8A4619126C440A600C8CCDE /* Chapter.swift */,
				C8E48A9726C444E000C12CE2 /* AffirmationModel.swift */,
				C8802A1626D180DA00C3E96E /* ThemeModel.swift */,
			);
			path = Model;
			sourceTree = "<group>";
		};
		C8802A1126CFB89A00C3E96E /* ViewModel */ = {
			isa = PBXGroup;
			children = (
				C8802A0B26C9B67600C3E96E /* AffirmationViewModel.swift */,
				C8802A0F26CFB31400C3E96E /* SettingsViewModel.swift */,
			);
			path = ViewModel;
			sourceTree = "<group>";
		};
		C8A4617626C43E7F00C8CCDE = {
			isa = PBXGroup;
			children = (
				C8A4618126C43E7F00C8CCDE /* Mriffa */,
				C8A4618026C43E7F00C8CCDE /* Products */,
			);
			sourceTree = "<group>";
		};
		C8A4618026C43E7F00C8CCDE /* Products */ = {
			isa = PBXGroup;
			children = (
				C8A4617F26C43E7F00C8CCDE /* Mriffa.app */,
			);
			name = Products;
			sourceTree = "<group>";
		};
		C8A4618126C43E7F00C8CCDE /* Mriffa */ = {
			isa = PBXGroup;
			children = (
				C8802A0826C83E7900C3E96E /* Data.swift */,
				C8802A0A26C83EE400C3E96E /* Model */,
				C8802A1126CFB89A00C3E96E /* ViewModel */,
				C8A4618226C43E7F00C8CCDE /* MriffaApp.swift */,
				C8802A0626C76D0E00C3E96E /* AffirmationView.swift */,
				C8802A0D26CFB27A00C3E96E /* AffirmationButtons.swift */,
				C8802A1226D1781F00C3E96E /* TabButton.swift */,
				C8802A1426D17F5C00C3E96E /* Blur.swift */,
				C8A4618626C43E8100C8CCDE /* Assets.xcassets */,
				C8A4618B26C43E8100C8CCDE /* Info.plist */,
				C8A4618826C43E8100C8CCDE /* Preview Content */,
			);
			path = Mriffa;
			sourceTree = "<group>";
		};
		C8A4618826C43E8100C8CCDE /* Preview Content */ = {
			isa = PBXGroup;
			children = (
				C8A4618926C43E8100C8CCDE /* Preview Assets.xcassets */,
			);
			path = "Preview Content";
			sourceTree = "<group>";
		};
/* End PBXGroup section */

/* Begin PBXNativeTarget section */
		C8A4617E26C43E7F00C8CCDE /* Mriffa */ = {
			isa = PBXNativeTarget;
			buildConfigurationList = C8A4618E26C43E8100C8CCDE /* Build configuration list for PBXNativeTarget "Mriffa" */;
			buildPhases = (
				C8A4617B26C43E7F00C8CCDE /* Sources */,
				C8A4617C26C43E7F00C8CCDE /* Frameworks */,
				C8A4617D26C43E7F00C8CCDE /* Resources */,
			);
			buildRules = (
			);
			dependencies = (
			);
			name = Mriffa;
			productName = Mriffa;
			productReference = C8A4617F26C43E7F00C8CCDE /* Mriffa.app */;
			productType = "com.apple.product-type.application";
		};
/* End PBXNativeTarget section */

/* Begin PBXProject section */
		C8A4617726C43E7F00C8CCDE /* Project object */ = {
			isa = PBXProject;
			attributes = {
				LastSwiftUpdateCheck = 1250;
				LastUpgradeCheck = 1250;
				TargetAttributes = {
					C8A4617E26C43E7F00C8CCDE = {
						CreatedOnToolsVersion = 12.5.1;
					};
				};
			};
			buildConfigurationList = C8A4617A26C43E7F00C8CCDE /* Build configuration list for PBXProject "Mriffa" */;
			compatibilityVersion = "Xcode 9.3";
			developmentRegion = en;
			hasScannedForEncodings = 0;
			knownRegions = (
				en,
				Base,
			);
			mainGroup = C8A4617626C43E7F00C8CCDE;
			productRefGroup = C8A4618026C43E7F00C8CCDE /* Products */;
			projectDirPath = "";
			projectRoot = "";
			targets = (
				C8A4617E26C43E7F00C8CCDE /* Mriffa */,
			);
		};
/* End PBXProject section */

/* Begin PBXResourcesBuildPhase section */
		C8A4617D26C43E7F00C8CCDE /* Resources */ = {
			isa = PBXResourcesBuildPhase;
			buildActionMask = 2147483647;
			files = (
				C8A4618A26C43E8100C8CCDE /* Preview Assets.xcassets in Resources */,
				C8A4618726C43E8100C8CCDE /* Assets.xcassets in Resources */,
			);
			runOnlyForDeploymentPostprocessing = 0;
		};
/* End PBXResourcesBuildPhase section */

/* Begin PBXSourcesBuildPhase section */
		C8A4617B26C43E7F00C8CCDE /* Sources */ = {
			isa = PBXSourcesBuildPhase;
			buildActionMask = 2147483647;
			files = (
				C8802A1326D1781F00C3E96E /* TabButton.swift in Sources */,
				C8A4619226C440A600C8CCDE /* Chapter.swift in Sources */,
				C8802A1526D17F5C00C3E96E /* Blur.swift in Sources */,
				C8802A1726D180DA00C3E96E /* ThemeModel.swift in Sources */,
				C8802A0C26C9B67600C3E96E /* AffirmationViewModel.swift in Sources */,
				C8802A0E26CFB27A00C3E96E /* AffirmationButtons.swift in Sources */,
				C8802A0926C83E7900C3E96E /* Data.swift in Sources */,
				C8E48A9826C444E000C12CE2 /* AffirmationModel.swift in Sources */,
				C8802A0726C76D0E00C3E96E /* AffirmationView.swift in Sources */,
				C8A4618326C43E7F00C8CCDE /* MriffaApp.swift in Sources */,
				C8802A1026CFB31400C3E96E /* SettingsViewModel.swift in Sources */,
			);
			runOnlyForDeploymentPostprocessing = 0;
		};
/* End PBXSourcesBuildPhase section */

/* Begin XCBuildConfiguration section */
		C8A4618C26C43E8100C8CCDE /* Debug */ = {
			isa = XCBuildConfiguration;
			buildSettings = {
				ALWAYS_SEARCH_USER_PATHS = NO;
				CLANG_ANALYZER_NONNULL = YES;
				CLANG_ANALYZER_NUMBER_OBJECT_CONVERSION = YES_AGGRESSIVE;
				CLANG_CXX_LANGUAGE_STANDARD = "gnu++14";
				CLANG_CXX_LIBRARY = "libc++";
				CLANG_ENABLE_MODULES = YES;
				CLANG_ENABLE_OBJC_ARC = YES;
				CLANG_ENABLE_OBJC_WEAK = YES;
				CLANG_WARN_BLOCK_CAPTURE_AUTORELEASING = YES;
				CLANG_WARN_BOOL_CONVERSION = YES;
				CLANG_WARN_COMMA = YES;
				CLANG_WARN_CONSTANT_CONVERSION = YES;
				CLANG_WARN_DEPRECATED_OBJC_IMPLEMENTATIONS = YES;
				CLANG_WARN_DIRECT_OBJC_ISA_USAGE = YES_ERROR;
				CLANG_WARN_DOCUMENTATION_COMMENTS = YES;
				CLANG_WARN_EMPTY_BODY = YES;
				CLANG_WARN_ENUM_CONVERSION = YES;
				CLANG_WARN_INFINITE_RECURSION = YES;
				CLANG_WARN_INT_CONVERSION = YES;
				CLANG_WARN_NON_LITERAL_NULL_CONVERSION = YES;
				CLANG_WARN_OBJC_IMPLICIT_RETAIN_SELF = YES;
				CLANG_WARN_OBJC_LITERAL_CONVERSION = YES;
				CLANG_WARN_OBJC_ROOT_CLASS = YES_ERROR;
				CLANG_WARN_QUOTED_INCLUDE_IN_FRAMEWORK_HEADER = YES;
				CLANG_WARN_RANGE_LOOP_ANALYSIS = YES;
				CLANG_WARN_STRICT_PROTOTYPES = YES;
				CLANG_WARN_SUSPICIOUS_MOVE = YES;
				CLANG_WARN_UNGUARDED_AVAILABILITY = YES_AGGRESSIVE;
				CLANG_WARN_UNREACHABLE_CODE = YES;
				CLANG_WARN__DUPLICATE_METHOD_MATCH = YES;
				COPY_PHASE_STRIP = NO;
				DEBUG_INFORMATION_FORMAT = dwarf;
				ENABLE_STRICT_OBJC_MSGSEND = YES;
				ENABLE_TESTABILITY = YES;
				GCC_C_LANGUAGE_STANDARD = gnu11;
				GCC_DYNAMIC_NO_PIC = NO;
				GCC_NO_COMMON_BLOCKS = YES;
				GCC_OPTIMIZATION_LEVEL = 0;
				GCC_PREPROCESSOR_DEFINITIONS = (
					"DEBUG=1",
					"$(inherited)",
				);
				GCC_WARN_64_TO_32_BIT_CONVERSION = YES;
				GCC_WARN_ABOUT_RETURN_TYPE = YES_ERROR;
				GCC_WARN_UNDECLARED_SELECTOR = YES;
				GCC_WARN_UNINITIALIZED_AUTOS = YES_AGGRESSIVE;
				GCC_WARN_UNUSED_FUNCTION = YES;
				GCC_WARN_UNUSED_VARIABLE = YES;
				IPHONEOS_DEPLOYMENT_TARGET = 14.5;
				MTL_ENABLE_DEBUG_INFO = INCLUDE_SOURCE;
				MTL_FAST_MATH = YES;
				ONLY_ACTIVE_ARCH = YES;
				SDKROOT = iphoneos;
				SWIFT_ACTIVE_COMPILATION_CONDITIONS = DEBUG;
				SWIFT_OPTIMIZATION_LEVEL = "-Onone";
			};
			name = Debug;
		};
		C8A4618D26C43E8100C8CCDE /* Release */ = {
			isa = XCBuildConfiguration;
			buildSettings = {
				ALWAYS_SEARCH_USER_PATHS = NO;
				CLANG_ANALYZER_NONNULL = YES;
				CLANG_ANALYZER_NUMBER_OBJECT_CONVERSION = YES_AGGRESSIVE;
				CLANG_CXX_LANGUAGE_STANDARD = "gnu++14";
				CLANG_CXX_LIBRARY = "libc++";
				CLANG_ENABLE_MODULES = YES;
				CLANG_ENABLE_OBJC_ARC = YES;
				CLANG_ENABLE_OBJC_WEAK = YES;
				CLANG_WARN_BLOCK_CAPTURE_AUTORELEASING = YES;
				CLANG_WARN_BOOL_CONVERSION = YES;
				CLANG_WARN_COMMA = YES;
				CLANG_WARN_CONSTANT_CONVERSION = YES;
				CLANG_WARN_DEPRECATED_OBJC_IMPLEMENTATIONS = YES;
				CLANG_WARN_DIRECT_OBJC_ISA_USAGE = YES_ERROR;
				CLANG_WARN_DOCUMENTATION_COMMENTS = YES;
				CLANG_WARN_EMPTY_BODY = YES;
				CLANG_WARN_ENUM_CONVERSION = YES;
				CLANG_WARN_INFINITE_RECURSION = YES;
				CLANG_WARN_INT_CONVERSION = YES;
				CLANG_WARN_NON_LITERAL_NULL_CONVERSION = YES;
				CLANG_WARN_OBJC_IMPLICIT_RETAIN_SELF = YES;
				CLANG_WARN_OBJC_LITERAL_CONVERSION = YES;
				CLANG_WARN_OBJC_ROOT_CLASS = YES_ERROR;
				CLANG_WARN_QUOTED_INCLUDE_IN_FRAMEWORK_HEADER = YES;
				CLANG_WARN_RANGE_LOOP_ANALYSIS = YES;
				CLANG_WARN_STRICT_PROTOTYPES = YES;
				CLANG_WARN_SUSPICIOUS_MOVE = YES;
				CLANG_WARN_UNGUARDED_AVAILABILITY = YES_AGGRESSIVE;
				CLANG_WARN_UNREACHABLE_CODE = YES;
				CLANG_WARN__DUPLICATE_METHOD_MATCH = YES;
				COPY_PHASE_STRIP = NO;
				DEBUG_INFORMATION_FORMAT = "dwarf-with-dsym";
				ENABLE_NS_ASSERTIONS = NO;
				ENABLE_STRICT_OBJC_MSGSEND = YES;
				GCC_C_LANGUAGE_STANDARD = gnu11;
				GCC_NO_COMMON_BLOCKS = YES;
				GCC_WARN_64_TO_32_BIT_CONVERSION = YES;
				GCC_WARN_ABOUT_RETURN_TYPE = YES_ERROR;
				GCC_WARN_UNDECLARED_SELECTOR = YES;
				GCC_WARN_UNINITIALIZED_AUTOS = YES_AGGRESSIVE;
				GCC_WARN_UNUSED_FUNCTION = YES;
				GCC_WARN_UNUSED_VARIABLE = YES;
				IPHONEOS_DEPLOYMENT_TARGET = 14.5;
				MTL_ENABLE_DEBUG_INFO = NO;
				MTL_FAST_MATH = YES;
				SDKROOT = iphoneos;
				SWIFT_COMPILATION_MODE = wholemodule;
				SWIFT_OPTIMIZATION_LEVEL = "-O";
				VALIDATE_PRODUCT = YES;
			};
			name = Release;
		};
		C8A4618F26C43E8100C8CCDE /* Debug */ = {
			isa = XCBuildConfiguration;
			buildSettings = {
				ASSETCATALOG_COMPILER_APPICON_NAME = AppIcon;
				ASSETCATALOG_COMPILER_GLOBAL_ACCENT_COLOR_NAME = AccentColor;
				CODE_SIGN_STYLE = Automatic;
				DEVELOPMENT_ASSET_PATHS = "\"Mriffa/Preview Content\"";
				DEVELOPMENT_TEAM = 7C46924T49;
				ENABLE_PREVIEWS = YES;
				INFOPLIST_FILE = Mriffa/Info.plist;
				IPHONEOS_DEPLOYMENT_TARGET = 14.0;
				LD_RUNPATH_SEARCH_PATHS = (
					"$(inherited)",
					"@executable_path/Frameworks",
				);
				PRODUCT_BUNDLE_IDENTIFIER = VSA.Mriffa;
				PRODUCT_NAME = "$(TARGET_NAME)";
				SWIFT_VERSION = 5.0;
				TARGETED_DEVICE_FAMILY = "1,2";
			};
			name = Debug;
		};
		C8A4619026C43E8100C8CCDE /* Release */ = {
			isa = XCBuildConfiguration;
			buildSettings = {
				ASSETCATALOG_COMPILER_APPICON_NAME = AppIcon;
				ASSETCATALOG_COMPILER_GLOBAL_ACCENT_COLOR_NAME = AccentColor;
				CODE_SIGN_STYLE = Automatic;
				DEVELOPMENT_ASSET_PATHS = "\"Mriffa/Preview Content\"";
				DEVELOPMENT_TEAM = 7C46924T49;
				ENABLE_PREVIEWS = YES;
				INFOPLIST_FILE = Mriffa/Info.plist;
				IPHONEOS_DEPLOYMENT_TARGET = 14.0;
				LD_RUNPATH_SEARCH_PATHS = (
					"$(inherited)",
					"@executable_path/Frameworks",
				);
				PRODUCT_BUNDLE_IDENTIFIER = VSA.Mriffa;
				PRODUCT_NAME = "$(TARGET_NAME)";
				SWIFT_VERSION = 5.0;
				TARGETED_DEVICE_FAMILY = "1,2";
			};
			name = Release;
		};
/* End XCBuildConfiguration section */

/* Begin XCConfigurationList section */
		C8A4617A26C43E7F00C8CCDE /* Build configuration list for PBXProject "Mriffa" */ = {
			isa = XCConfigurationList;
			buildConfigurations = (
				C8A4618C26C43E8100C8CCDE /* Debug */,
				C8A4618D26C43E8100C8CCDE /* Release */,
			);
			defaultConfigurationIsVisible = 0;
			defaultConfigurationName = Release;
		};
		C8A4618E26C43E8100C8CCDE /* Build configuration list for PBXNativeTarget "Mriffa" */ = {
			isa = XCConfigurationList;
			buildConfigurations = (
				C8A4618F26C43E8100C8CCDE /* Debug */,
				C8A4619026C43E8100C8CCDE /* Release */,
			);
			defaultConfigurationIsVisible = 0;
			defaultConfigurationName = Release;
		};
/* End XCConfigurationList section */
	};
	rootObject = C8A4617726C43E7F00C8CCDE /* Project object */;
}
