// !$*UTF8*$!
{
	archiveVersion = 1;
	classes = {
	};
	objectVersion = 51;
	objects = {

/* Begin PBXBuildFile section */
		C81F25CB26FD8F9F0026DD22 /* AlertManager.swift in Sources */ = {isa = PBXBuildFile; fileRef = C81F25CA26FD8F9F0026DD22 /* AlertManager.swift */; };
		C81F25CD26FD93650026DD22 /* AlertTypes.swift in Sources */ = {isa = PBXBuildFile; fileRef = C81F25CC26FD93650026DD22 /* AlertTypes.swift */; };
		C83BD4F826E7C524001FE902 /* SheetTypes.swift in Sources */ = {isa = PBXBuildFile; fileRef = C83BD4F726E7C524001FE902 /* SheetTypes.swift */; };
		C83BD4FB26E7C91D001FE902 /* FavoritesView.swift in Sources */ = {isa = PBXBuildFile; fileRef = C83BD4FA26E7C91D001FE902 /* FavoritesView.swift */; };
		C83BD4FD26E7CC68001FE902 /* AffirmationScroll.swift in Sources */ = {isa = PBXBuildFile; fileRef = C83BD4FC26E7CC68001FE902 /* AffirmationScroll.swift */; };
		C83BD56126EBC472001FE902 /* FavoritesDismissButton.swift in Sources */ = {isa = PBXBuildFile; fileRef = C83BD56026EBC472001FE902 /* FavoritesDismissButton.swift */; };
		C83BD56326EBD397001FE902 /* ThemeView.swift in Sources */ = {isa = PBXBuildFile; fileRef = C83BD56226EBD397001FE902 /* ThemeView.swift */; };
		C83BD56526EBDC62001FE902 /* NavDismissButton.swift in Sources */ = {isa = PBXBuildFile; fileRef = C83BD56426EBDC62001FE902 /* NavDismissButton.swift */; };
		C83BD56726ED0976001FE902 /* FontsView.swift in Sources */ = {isa = PBXBuildFile; fileRef = C83BD56626ED0976001FE902 /* FontsView.swift */; };
		C83BD56926ED11A1001FE902 /* ThemeViewModel.swift in Sources */ = {isa = PBXBuildFile; fileRef = C83BD56826ED11A1001FE902 /* ThemeViewModel.swift */; };
		C83BD56B26EE48D8001FE902 /* ThemeCard.swift in Sources */ = {isa = PBXBuildFile; fileRef = C83BD56A26EE48D8001FE902 /* ThemeCard.swift */; };
		C83BD56E26EFBDCC001FE902 /* SettingsView.swift in Sources */ = {isa = PBXBuildFile; fileRef = C83BD56D26EFBDCC001FE902 /* SettingsView.swift */; };
		C83BD57026F24EF1001FE902 /* AdsManager.swift in Sources */ = {isa = PBXBuildFile; fileRef = C83BD56F26F24EF1001FE902 /* AdsManager.swift */; };
		C83BD58D26F4B6BC001FE902 /* AdsViewModel.swift in Sources */ = {isa = PBXBuildFile; fileRef = C83BD58C26F4B6BC001FE902 /* AdsViewModel.swift */; };
		C83BD58F26F4D3F4001FE902 /* ShareSheet.swift in Sources */ = {isa = PBXBuildFile; fileRef = C83BD58E26F4D3F4001FE902 /* ShareSheet.swift */; };
		C83BD59226F4F459001FE902 /* SettingsButton.swift in Sources */ = {isa = PBXBuildFile; fileRef = C83BD59126F4F459001FE902 /* SettingsButton.swift */; };
		C83BD59526F62239001FE902 /* ICloudDocumentsManager.swift in Sources */ = {isa = PBXBuildFile; fileRef = C83BD59426F62239001FE902 /* ICloudDocumentsManager.swift */; };
		C83BD59826F64D17001FE902 /* BluredBackgroundView.swift in Sources */ = {isa = PBXBuildFile; fileRef = C83BD59726F64D17001FE902 /* BluredBackgroundView.swift */; };
		C85580E426D54E020099CDAB /* DataManager.swift in Sources */ = {isa = PBXBuildFile; fileRef = C85580E326D54E020099CDAB /* DataManager.swift */; };
		C85580E826D65B650099CDAB /* UDKeys.swift in Sources */ = {isa = PBXBuildFile; fileRef = C85580E726D65B650099CDAB /* UDKeys.swift */; };
		C85580EA26D661D60099CDAB /* CategoryView.swift in Sources */ = {isa = PBXBuildFile; fileRef = C85580E926D661D60099CDAB /* CategoryView.swift */; };
		C85580EC26D6625D0099CDAB /* AffirmationTabView.swift in Sources */ = {isa = PBXBuildFile; fileRef = C85580EB26D6625D0099CDAB /* AffirmationTabView.swift */; };
		C85580EE26D664640099CDAB /* ShowHeart.swift in Sources */ = {isa = PBXBuildFile; fileRef = C85580ED26D664630099CDAB /* ShowHeart.swift */; };
		C8802A0726C76D0E00C3E96E /* AffirmationView.swift in Sources */ = {isa = PBXBuildFile; fileRef = C8802A0626C76D0E00C3E96E /* AffirmationView.swift */; };
		C8802A0926C83E7900C3E96E /* Data.swift in Sources */ = {isa = PBXBuildFile; fileRef = C8802A0826C83E7900C3E96E /* Data.swift */; };
		C8802A0C26C9B67600C3E96E /* AffirmationViewModel.swift in Sources */ = {isa = PBXBuildFile; fileRef = C8802A0B26C9B67600C3E96E /* AffirmationViewModel.swift */; };
		C8802A0E26CFB27A00C3E96E /* AffirmationButtons.swift in Sources */ = {isa = PBXBuildFile; fileRef = C8802A0D26CFB27A00C3E96E /* AffirmationButtons.swift */; };
		C8802A1026CFB31400C3E96E /* SettingsViewModel.swift in Sources */ = {isa = PBXBuildFile; fileRef = C8802A0F26CFB31400C3E96E /* SettingsViewModel.swift */; };
		C8802A1326D1781F00C3E96E /* TabButton.swift in Sources */ = {isa = PBXBuildFile; fileRef = C8802A1226D1781F00C3E96E /* TabButton.swift */; };
		C8802A1526D17F5C00C3E96E /* Blur.swift in Sources */ = {isa = PBXBuildFile; fileRef = C8802A1426D17F5C00C3E96E /* Blur.swift */; };
		C8802A1726D180DA00C3E96E /* ThemeModel.swift in Sources */ = {isa = PBXBuildFile; fileRef = C8802A1626D180DA00C3E96E /* ThemeModel.swift */; };
		C8A4618326C43E7F00C8CCDE /* MriffaApp.swift in Sources */ = {isa = PBXBuildFile; fileRef = C8A4618226C43E7F00C8CCDE /* MriffaApp.swift */; };
		C8A4618726C43E8100C8CCDE /* Assets.xcassets in Resources */ = {isa = PBXBuildFile; fileRef = C8A4618626C43E8100C8CCDE /* Assets.xcassets */; };
		C8A4618A26C43E8100C8CCDE /* Preview Assets.xcassets in Resources */ = {isa = PBXBuildFile; fileRef = C8A4618926C43E8100C8CCDE /* Preview Assets.xcassets */; };
		C8A4619226C440A600C8CCDE /* Category.swift in Sources */ = {isa = PBXBuildFile; fileRef = C8A4619126C440A600C8CCDE /* Category.swift */; };
		C8B2117927037C5C00757643 /* StartView.swift in Sources */ = {isa = PBXBuildFile; fileRef = C8B2117827037C5C00757643 /* StartView.swift */; };
		C8B2117B2704BFCC00757643 /* IAPManager.swift in Sources */ = {isa = PBXBuildFile; fileRef = C8B2117A2704BFCC00757643 /* IAPManager.swift */; };
		C8B2117D2704C05F00757643 /* LocalTxt.swift in Sources */ = {isa = PBXBuildFile; fileRef = C8B2117C2704C05F00757643 /* LocalTxt.swift */; };
		C8B2119A270A3A2700757643 /* StartViewPage0.swift in Sources */ = {isa = PBXBuildFile; fileRef = C8B21199270A3A2600757643 /* StartViewPage0.swift */; };
		C8B2119D270A3D4700757643 /* StartViewPage1.swift in Sources */ = {isa = PBXBuildFile; fileRef = C8B2119C270A3D4700757643 /* StartViewPage1.swift */; };
		C8B2119F270A443D00757643 /* StartViewPage2.swift in Sources */ = {isa = PBXBuildFile; fileRef = C8B2119E270A443D00757643 /* StartViewPage2.swift */; };
		C8CF3DD626D8CBDD0066B614 /* CategoryViewModel.swift in Sources */ = {isa = PBXBuildFile; fileRef = C8CF3DD526D8CBDD0066B614 /* CategoryViewModel.swift */; };
		C8CF3DD826DBF6BF0066B614 /* CategoryModel.swift in Sources */ = {isa = PBXBuildFile; fileRef = C8CF3DD726DBF6BF0066B614 /* CategoryModel.swift */; };
		C8CF3DDA26DC152D0066B614 /* CategoryButtonLabel.swift in Sources */ = {isa = PBXBuildFile; fileRef = C8CF3DD926DC152D0066B614 /* CategoryButtonLabel.swift */; };
		C8E48A9826C444E000C12CE2 /* AffirmationModel.swift in Sources */ = {isa = PBXBuildFile; fileRef = C8E48A9726C444E000C12CE2 /* AffirmationModel.swift */; };
		D8B74872A771FEDC78A23BE8 /* Pods_Mriffa.framework in Frameworks */ = {isa = PBXBuildFile; fileRef = C26E510CD5768153BA25D86B /* Pods_Mriffa.framework */; };
/* End PBXBuildFile section */

/* Begin PBXFileReference section */
		88E024EBA739EB656CFAAB17 /* Pods-Mriffa.release.xcconfig */ = {isa = PBXFileReference; includeInIndex = 1; lastKnownFileType = text.xcconfig; name = "Pods-Mriffa.release.xcconfig"; path = "Target Support Files/Pods-Mriffa/Pods-Mriffa.release.xcconfig"; sourceTree = "<group>"; };
		9C23E771FF3D91DB3FE12C81 /* Pods-Mriffa.debug.xcconfig */ = {isa = PBXFileReference; includeInIndex = 1; lastKnownFileType = text.xcconfig; name = "Pods-Mriffa.debug.xcconfig"; path = "Target Support Files/Pods-Mriffa/Pods-Mriffa.debug.xcconfig"; sourceTree = "<group>"; };
		C26E510CD5768153BA25D86B /* Pods_Mriffa.framework */ = {isa = PBXFileReference; explicitFileType = wrapper.framework; includeInIndex = 0; path = Pods_Mriffa.framework; sourceTree = BUILT_PRODUCTS_DIR; };
		C81F25CA26FD8F9F0026DD22 /* AlertManager.swift */ = {isa = PBXFileReference; lastKnownFileType = sourcecode.swift; path = AlertManager.swift; sourceTree = "<group>"; };
		C81F25CC26FD93650026DD22 /* AlertTypes.swift */ = {isa = PBXFileReference; lastKnownFileType = sourcecode.swift; path = AlertTypes.swift; sourceTree = "<group>"; };
		C83BD4F726E7C524001FE902 /* SheetTypes.swift */ = {isa = PBXFileReference; lastKnownFileType = sourcecode.swift; path = SheetTypes.swift; sourceTree = "<group>"; };
		C83BD4FA26E7C91D001FE902 /* FavoritesView.swift */ = {isa = PBXFileReference; lastKnownFileType = sourcecode.swift; path = FavoritesView.swift; sourceTree = "<group>"; };
		C83BD4FC26E7CC68001FE902 /* AffirmationScroll.swift */ = {isa = PBXFileReference; lastKnownFileType = sourcecode.swift; path = AffirmationScroll.swift; sourceTree = "<group>"; };
		C83BD56026EBC472001FE902 /* FavoritesDismissButton.swift */ = {isa = PBXFileReference; lastKnownFileType = sourcecode.swift; path = FavoritesDismissButton.swift; sourceTree = "<group>"; };
		C83BD56226EBD397001FE902 /* ThemeView.swift */ = {isa = PBXFileReference; lastKnownFileType = sourcecode.swift; path = ThemeView.swift; sourceTree = "<group>"; };
		C83BD56426EBDC62001FE902 /* NavDismissButton.swift */ = {isa = PBXFileReference; lastKnownFileType = sourcecode.swift; path = NavDismissButton.swift; sourceTree = "<group>"; };
		C83BD56626ED0976001FE902 /* FontsView.swift */ = {isa = PBXFileReference; lastKnownFileType = sourcecode.swift; path = FontsView.swift; sourceTree = "<group>"; };
		C83BD56826ED11A1001FE902 /* ThemeViewModel.swift */ = {isa = PBXFileReference; lastKnownFileType = sourcecode.swift; path = ThemeViewModel.swift; sourceTree = "<group>"; };
		C83BD56A26EE48D8001FE902 /* ThemeCard.swift */ = {isa = PBXFileReference; lastKnownFileType = sourcecode.swift; path = ThemeCard.swift; sourceTree = "<group>"; };
		C83BD56D26EFBDCC001FE902 /* SettingsView.swift */ = {isa = PBXFileReference; lastKnownFileType = sourcecode.swift; path = SettingsView.swift; sourceTree = "<group>"; };
		C83BD56F26F24EF1001FE902 /* AdsManager.swift */ = {isa = PBXFileReference; fileEncoding = 4; lastKnownFileType = sourcecode.swift; path = AdsManager.swift; sourceTree = "<group>"; };
		C83BD58C26F4B6BC001FE902 /* AdsViewModel.swift */ = {isa = PBXFileReference; lastKnownFileType = sourcecode.swift; path = AdsViewModel.swift; sourceTree = "<group>"; };
		C83BD58E26F4D3F4001FE902 /* ShareSheet.swift */ = {isa = PBXFileReference; lastKnownFileType = sourcecode.swift; path = ShareSheet.swift; sourceTree = "<group>"; };
		C83BD59126F4F459001FE902 /* SettingsButton.swift */ = {isa = PBXFileReference; lastKnownFileType = sourcecode.swift; path = SettingsButton.swift; sourceTree = "<group>"; };
		C83BD59326F4F6AF001FE902 /* Mriffa.entitlements */ = {isa = PBXFileReference; lastKnownFileType = text.plist.entitlements; path = Mriffa.entitlements; sourceTree = "<group>"; };
		C83BD59426F62239001FE902 /* ICloudDocumentsManager.swift */ = {isa = PBXFileReference; lastKnownFileType = sourcecode.swift; path = ICloudDocumentsManager.swift; sourceTree = "<group>"; };
		C83BD59726F64D17001FE902 /* BluredBackgroundView.swift */ = {isa = PBXFileReference; lastKnownFileType = sourcecode.swift; path = BluredBackgroundView.swift; sourceTree = "<group>"; };
		C85580E326D54E020099CDAB /* DataManager.swift */ = {isa = PBXFileReference; lastKnownFileType = sourcecode.swift; path = DataManager.swift; sourceTree = "<group>"; };
		C85580E726D65B650099CDAB /* UDKeys.swift */ = {isa = PBXFileReference; lastKnownFileType = sourcecode.swift; path = UDKeys.swift; sourceTree = "<group>"; };
		C85580E926D661D60099CDAB /* CategoryView.swift */ = {isa = PBXFileReference; lastKnownFileType = sourcecode.swift; path = CategoryView.swift; sourceTree = "<group>"; };
		C85580EB26D6625D0099CDAB /* AffirmationTabView.swift */ = {isa = PBXFileReference; lastKnownFileType = sourcecode.swift; path = AffirmationTabView.swift; sourceTree = "<group>"; };
		C85580ED26D664630099CDAB /* ShowHeart.swift */ = {isa = PBXFileReference; lastKnownFileType = sourcecode.swift; path = ShowHeart.swift; sourceTree = "<group>"; };
		C8802A0626C76D0E00C3E96E /* AffirmationView.swift */ = {isa = PBXFileReference; lastKnownFileType = sourcecode.swift; path = AffirmationView.swift; sourceTree = "<group>"; };
		C8802A0826C83E7900C3E96E /* Data.swift */ = {isa = PBXFileReference; lastKnownFileType = sourcecode.swift; path = Data.swift; sourceTree = "<group>"; };
		C8802A0B26C9B67600C3E96E /* AffirmationViewModel.swift */ = {isa = PBXFileReference; lastKnownFileType = sourcecode.swift; path = AffirmationViewModel.swift; sourceTree = "<group>"; };
		C8802A0D26CFB27A00C3E96E /* AffirmationButtons.swift */ = {isa = PBXFileReference; lastKnownFileType = sourcecode.swift; path = AffirmationButtons.swift; sourceTree = "<group>"; };
		C8802A0F26CFB31400C3E96E /* SettingsViewModel.swift */ = {isa = PBXFileReference; lastKnownFileType = sourcecode.swift; path = SettingsViewModel.swift; sourceTree = "<group>"; };
		C8802A1226D1781F00C3E96E /* TabButton.swift */ = {isa = PBXFileReference; lastKnownFileType = sourcecode.swift; path = TabButton.swift; sourceTree = "<group>"; };
		C8802A1426D17F5C00C3E96E /* Blur.swift */ = {isa = PBXFileReference; lastKnownFileType = sourcecode.swift; path = Blur.swift; sourceTree = "<group>"; };
		C8802A1626D180DA00C3E96E /* ThemeModel.swift */ = {isa = PBXFileReference; lastKnownFileType = sourcecode.swift; path = ThemeModel.swift; sourceTree = "<group>"; };
		C8A4617F26C43E7F00C8CCDE /* Mriffa.app */ = {isa = PBXFileReference; explicitFileType = wrapper.application; includeInIndex = 0; path = Mriffa.app; sourceTree = BUILT_PRODUCTS_DIR; };
		C8A4618226C43E7F00C8CCDE /* MriffaApp.swift */ = {isa = PBXFileReference; lastKnownFileType = sourcecode.swift; path = MriffaApp.swift; sourceTree = "<group>"; };
		C8A4618626C43E8100C8CCDE /* Assets.xcassets */ = {isa = PBXFileReference; lastKnownFileType = folder.assetcatalog; path = Assets.xcassets; sourceTree = "<group>"; };
		C8A4618926C43E8100C8CCDE /* Preview Assets.xcassets */ = {isa = PBXFileReference; lastKnownFileType = folder.assetcatalog; path = "Preview Assets.xcassets"; sourceTree = "<group>"; };
		C8A4618B26C43E8100C8CCDE /* Info.plist */ = {isa = PBXFileReference; lastKnownFileType = text.plist.xml; path = Info.plist; sourceTree = "<group>"; };
		C8A4619126C440A600C8CCDE /* Category.swift */ = {isa = PBXFileReference; lastKnownFileType = sourcecode.swift; path = Category.swift; sourceTree = "<group>"; };
		C8B2117827037C5C00757643 /* StartView.swift */ = {isa = PBXFileReference; lastKnownFileType = sourcecode.swift; path = StartView.swift; sourceTree = "<group>"; };
		C8B2117A2704BFCC00757643 /* IAPManager.swift */ = {isa = PBXFileReference; fileEncoding = 4; lastKnownFileType = sourcecode.swift; path = IAPManager.swift; sourceTree = "<group>"; };
		C8B2117C2704C05F00757643 /* LocalTxt.swift */ = {isa = PBXFileReference; fileEncoding = 4; lastKnownFileType = sourcecode.swift; path = LocalTxt.swift; sourceTree = "<group>"; };
		C8B2117E2704C37600757643 /* Configuration.storekit */ = {isa = PBXFileReference; lastKnownFileType = text; path = Configuration.storekit; sourceTree = "<group>"; };
		C8B21199270A3A2600757643 /* StartViewPage0.swift */ = {isa = PBXFileReference; lastKnownFileType = sourcecode.swift; path = StartViewPage0.swift; sourceTree = "<group>"; };
		C8B2119C270A3D4700757643 /* StartViewPage1.swift */ = {isa = PBXFileReference; lastKnownFileType = sourcecode.swift; path = StartViewPage1.swift; sourceTree = "<group>"; };
		C8B2119E270A443D00757643 /* StartViewPage2.swift */ = {isa = PBXFileReference; lastKnownFileType = sourcecode.swift; path = StartViewPage2.swift; sourceTree = "<group>"; };
		C8CF3DD526D8CBDD0066B614 /* CategoryViewModel.swift */ = {isa = PBXFileReference; lastKnownFileType = sourcecode.swift; path = CategoryViewModel.swift; sourceTree = "<group>"; };
		C8CF3DD726DBF6BF0066B614 /* CategoryModel.swift */ = {isa = PBXFileReference; lastKnownFileType = sourcecode.swift; path = CategoryModel.swift; sourceTree = "<group>"; };
		C8CF3DD926DC152D0066B614 /* CategoryButtonLabel.swift */ = {isa = PBXFileReference; lastKnownFileType = sourcecode.swift; path = CategoryButtonLabel.swift; sourceTree = "<group>"; };
		C8E48A9726C444E000C12CE2 /* AffirmationModel.swift */ = {isa = PBXFileReference; lastKnownFileType = sourcecode.swift; path = AffirmationModel.swift; sourceTree = "<group>"; };
/* End PBXFileReference section */

/* Begin PBXFrameworksBuildPhase section */
		C8A4617C26C43E7F00C8CCDE /* Frameworks */ = {
			isa = PBXFrameworksBuildPhase;
			buildActionMask = 2147483647;
			files = (
				D8B74872A771FEDC78A23BE8 /* Pods_Mriffa.framework in Frameworks */,
			);
			runOnlyForDeploymentPostprocessing = 0;
		};
/* End PBXFrameworksBuildPhase section */

/* Begin PBXGroup section */
		AAEE2A4C37330849882732A8 /* Frameworks */ = {
			isa = PBXGroup;
			children = (
				C26E510CD5768153BA25D86B /* Pods_Mriffa.framework */,
			);
			name = Frameworks;
			sourceTree = "<group>";
		};
		C83BD4F926E7C8FD001FE902 /* SupportedViews */ = {
			isa = PBXGroup;
			children = (
				C83BD59726F64D17001FE902 /* BluredBackgroundView.swift */,
				C83BD56626ED0976001FE902 /* FontsView.swift */,
				C85580ED26D664630099CDAB /* ShowHeart.swift */,
				C8802A1426D17F5C00C3E96E /* Blur.swift */,
				C83BD56026EBC472001FE902 /* FavoritesDismissButton.swift */,
				C83BD56426EBDC62001FE902 /* NavDismissButton.swift */,
			);
			path = SupportedViews;
			sourceTree = "<group>";
		};
		C83BD56C26EE4CBB001FE902 /* ThemeView */ = {
			isa = PBXGroup;
			children = (
				C83BD56226EBD397001FE902 /* ThemeView.swift */,
				C83BD56A26EE48D8001FE902 /* ThemeCard.swift */,
			);
			path = ThemeView;
			sourceTree = "<group>";
		};
		C83BD59026F4D49B001FE902 /* Managers */ = {
			isa = PBXGroup;
			children = (
				C83BD56F26F24EF1001FE902 /* AdsManager.swift */,
				C85580E326D54E020099CDAB /* DataManager.swift */,
				C83BD59426F62239001FE902 /* ICloudDocumentsManager.swift */,
				C83BD58E26F4D3F4001FE902 /* ShareSheet.swift */,
				C81F25CA26FD8F9F0026DD22 /* AlertManager.swift */,
				C8B2117A2704BFCC00757643 /* IAPManager.swift */,
			);
			path = Managers;
			sourceTree = "<group>";
		};
		C83BD59626F6354E001FE902 /* SettingsView */ = {
			isa = PBXGroup;
			children = (
				C83BD56D26EFBDCC001FE902 /* SettingsView.swift */,
				C83BD59126F4F459001FE902 /* SettingsButton.swift */,
			);
			path = SettingsView;
			sourceTree = "<group>";
		};
		C85580E526D659D40099CDAB /* View */ = {
			isa = PBXGroup;
			children = (
				C8A4618226C43E7F00C8CCDE /* MriffaApp.swift */,
				C8B2119B270A3A3500757643 /* StartView */,
				C85580E626D659F80099CDAB /* AffirmationView */,
				C8CF3DDB26DC16910066B614 /* CategoryView */,
				C83BD56C26EE4CBB001FE902 /* ThemeView */,
				C83BD59626F6354E001FE902 /* SettingsView */,
				C83BD4FA26E7C91D001FE902 /* FavoritesView.swift */,
				C83BD4F926E7C8FD001FE902 /* SupportedViews */,
			);
			path = View;
			sourceTree = "<group>";
		};
		C85580E626D659F80099CDAB /* AffirmationView */ = {
			isa = PBXGroup;
			children = (
				C8802A0626C76D0E00C3E96E /* AffirmationView.swift */,
				C83BD4FC26E7CC68001FE902 /* AffirmationScroll.swift */,
				C8802A0D26CFB27A00C3E96E /* AffirmationButtons.swift */,
				C85580EB26D6625D0099CDAB /* AffirmationTabView.swift */,
				C8802A1226D1781F00C3E96E /* TabButton.swift */,
			);
			path = AffirmationView;
			sourceTree = "<group>";
		};
		C86E93C826E569460091D770 /* Data */ = {
			isa = PBXGroup;
			children = (
				C8A4619126C440A600C8CCDE /* Category.swift */,
				C8802A0826C83E7900C3E96E /* Data.swift */,
			);
			path = Data;
			sourceTree = "<group>";
		};
		C8802A0A26C83EE400C3E96E /* Model */ = {
			isa = PBXGroup;
			children = (
				C8E48A9726C444E000C12CE2 /* AffirmationModel.swift */,
				C8CF3DD726DBF6BF0066B614 /* CategoryModel.swift */,
				C8802A1626D180DA00C3E96E /* ThemeModel.swift */,
				C81F25CC26FD93650026DD22 /* AlertTypes.swift */,
				C83BD4F726E7C524001FE902 /* SheetTypes.swift */,
			);
			path = Model;
			sourceTree = "<group>";
		};
		C8802A1126CFB89A00C3E96E /* ViewModel */ = {
			isa = PBXGroup;
			children = (
				C8802A0B26C9B67600C3E96E /* AffirmationViewModel.swift */,
				C8CF3DD526D8CBDD0066B614 /* CategoryViewModel.swift */,
				C8802A0F26CFB31400C3E96E /* SettingsViewModel.swift */,
				C83BD56826ED11A1001FE902 /* ThemeViewModel.swift */,
				C83BD58C26F4B6BC001FE902 /* AdsViewModel.swift */,
			);
			path = ViewModel;
			sourceTree = "<group>";
		};
		C8A4617626C43E7F00C8CCDE = {
			isa = PBXGroup;
			children = (
				C8A4618126C43E7F00C8CCDE /* Mriffa */,
				C8A4618026C43E7F00C8CCDE /* Products */,
				EED83DEBE36388C941382CC6 /* Pods */,
				AAEE2A4C37330849882732A8 /* Frameworks */,
			);
			sourceTree = "<group>";
		};
		C8A4618026C43E7F00C8CCDE /* Products */ = {
			isa = PBXGroup;
			children = (
				C8A4617F26C43E7F00C8CCDE /* Mriffa.app */,
			);
			name = Products;
			sourceTree = "<group>";
		};
		C8A4618126C43E7F00C8CCDE /* Mriffa */ = {
			isa = PBXGroup;
			children = (
				C83BD59326F4F6AF001FE902 /* Mriffa.entitlements */,
				C86E93C826E569460091D770 /* Data */,
				C8802A0A26C83EE400C3E96E /* Model */,
				C8802A1126CFB89A00C3E96E /* ViewModel */,
				C85580E526D659D40099CDAB /* View */,
				C83BD59026F4D49B001FE902 /* Managers */,
				C85580E726D65B650099CDAB /* UDKeys.swift */,
				C8B2117C2704C05F00757643 /* LocalTxt.swift */,
				C8B2117E2704C37600757643 /* Configuration.storekit */,
				C8A4618626C43E8100C8CCDE /* Assets.xcassets */,
				C8A4618B26C43E8100C8CCDE /* Info.plist */,
				C8A4618826C43E8100C8CCDE /* Preview Content */,
			);
			path = Mriffa;
			sourceTree = "<group>";
		};
		C8A4618826C43E8100C8CCDE /* Preview Content */ = {
			isa = PBXGroup;
			children = (
				C8A4618926C43E8100C8CCDE /* Preview Assets.xcassets */,
			);
			path = "Preview Content";
			sourceTree = "<group>";
		};
		C8B2119B270A3A3500757643 /* StartView */ = {
			isa = PBXGroup;
			children = (
				C8B2117827037C5C00757643 /* StartView.swift */,
				C8B21199270A3A2600757643 /* StartViewPage0.swift */,
				C8B2119C270A3D4700757643 /* StartViewPage1.swift */,
				C8B2119E270A443D00757643 /* StartViewPage2.swift */,
			);
			path = StartView;
			sourceTree = "<group>";
		};
		C8CF3DDB26DC16910066B614 /* CategoryView */ = {
			isa = PBXGroup;
			children = (
				C85580E926D661D60099CDAB /* CategoryView.swift */,
				C8CF3DD926DC152D0066B614 /* CategoryButtonLabel.swift */,
			);
			path = CategoryView;
			sourceTree = "<group>";
		};
		EED83DEBE36388C941382CC6 /* Pods */ = {
			isa = PBXGroup;
			children = (
				9C23E771FF3D91DB3FE12C81 /* Pods-Mriffa.debug.xcconfig */,
				88E024EBA739EB656CFAAB17 /* Pods-Mriffa.release.xcconfig */,
			);
			path = Pods;
			sourceTree = "<group>";
		};
/* End PBXGroup section */

/* Begin PBXNativeTarget section */
		C8A4617E26C43E7F00C8CCDE /* Mriffa */ = {
			isa = PBXNativeTarget;
			buildConfigurationList = C8A4618E26C43E8100C8CCDE /* Build configuration list for PBXNativeTarget "Mriffa" */;
			buildPhases = (
				0091B5EC1286CD06B810AB1A /* [CP] Check Pods Manifest.lock */,
				C8A4617B26C43E7F00C8CCDE /* Sources */,
				C8A4617C26C43E7F00C8CCDE /* Frameworks */,
				C8A4617D26C43E7F00C8CCDE /* Resources */,
				9B7C5A034796464F73E17FD3 /* [CP] Embed Pods Frameworks */,
			);
			buildRules = (
			);
			dependencies = (
			);
			name = Mriffa;
			productName = Mriffa;
			productReference = C8A4617F26C43E7F00C8CCDE /* Mriffa.app */;
			productType = "com.apple.product-type.application";
		};
/* End PBXNativeTarget section */

/* Begin PBXProject section */
		C8A4617726C43E7F00C8CCDE /* Project object */ = {
			isa = PBXProject;
			attributes = {
				LastSwiftUpdateCheck = 1250;
				LastUpgradeCheck = 1250;
				TargetAttributes = {
					C8A4617E26C43E7F00C8CCDE = {
						CreatedOnToolsVersion = 12.5.1;
					};
				};
			};
			buildConfigurationList = C8A4617A26C43E7F00C8CCDE /* Build configuration list for PBXProject "Mriffa" */;
			compatibilityVersion = "Xcode 9.3";
			developmentRegion = en;
			hasScannedForEncodings = 0;
			knownRegions = (
				en,
				Base,
				ru,
			);
			mainGroup = C8A4617626C43E7F00C8CCDE;
			productRefGroup = C8A4618026C43E7F00C8CCDE /* Products */;
			projectDirPath = "";
			projectRoot = "";
			targets = (
				C8A4617E26C43E7F00C8CCDE /* Mriffa */,
			);
		};
/* End PBXProject section */

/* Begin PBXResourcesBuildPhase section */
		C8A4617D26C43E7F00C8CCDE /* Resources */ = {
			isa = PBXResourcesBuildPhase;
			buildActionMask = 2147483647;
			files = (
				C8A4618A26C43E8100C8CCDE /* Preview Assets.xcassets in Resources */,
				C8A4618726C43E8100C8CCDE /* Assets.xcassets in Resources */,
			);
			runOnlyForDeploymentPostprocessing = 0;
		};
/* End PBXResourcesBuildPhase section */

/* Begin PBXShellScriptBuildPhase section */
		0091B5EC1286CD06B810AB1A /* [CP] Check Pods Manifest.lock */ = {
			isa = PBXShellScriptBuildPhase;
			buildActionMask = 2147483647;
			files = (
			);
			inputFileListPaths = (
			);
			inputPaths = (
				"${PODS_PODFILE_DIR_PATH}/Podfile.lock",
				"${PODS_ROOT}/Manifest.lock",
			);
			name = "[CP] Check Pods Manifest.lock";
			outputFileListPaths = (
			);
			outputPaths = (
				"$(DERIVED_FILE_DIR)/Pods-Mriffa-checkManifestLockResult.txt",
			);
			runOnlyForDeploymentPostprocessing = 0;
			shellPath = /bin/sh;
			shellScript = "diff \"${PODS_PODFILE_DIR_PATH}/Podfile.lock\" \"${PODS_ROOT}/Manifest.lock\" > /dev/null\nif [ $? != 0 ] ; then\n    # print error to STDERR\n    echo \"error: The sandbox is not in sync with the Podfile.lock. Run 'pod install' or update your CocoaPods installation.\" >&2\n    exit 1\nfi\n# This output is used by Xcode 'outputs' to avoid re-running this script phase.\necho \"SUCCESS\" > \"${SCRIPT_OUTPUT_FILE_0}\"\n";
			showEnvVarsInLog = 0;
		};
		9B7C5A034796464F73E17FD3 /* [CP] Embed Pods Frameworks */ = {
			isa = PBXShellScriptBuildPhase;
			buildActionMask = 2147483647;
			files = (
			);
			inputFileListPaths = (
				"${PODS_ROOT}/Target Support Files/Pods-Mriffa/Pods-Mriffa-frameworks-${CONFIGURATION}-input-files.xcfilelist",
			);
			name = "[CP] Embed Pods Frameworks";
			outputFileListPaths = (
				"${PODS_ROOT}/Target Support Files/Pods-Mriffa/Pods-Mriffa-frameworks-${CONFIGURATION}-output-files.xcfilelist",
			);
			runOnlyForDeploymentPostprocessing = 0;
			shellPath = /bin/sh;
			shellScript = "\"${PODS_ROOT}/Target Support Files/Pods-Mriffa/Pods-Mriffa-frameworks.sh\"\n";
			showEnvVarsInLog = 0;
		};
/* End PBXShellScriptBuildPhase section */

/* Begin PBXSourcesBuildPhase section */
		C8A4617B26C43E7F00C8CCDE /* Sources */ = {
			isa = PBXSourcesBuildPhase;
			buildActionMask = 2147483647;
			files = (
				C8802A1326D1781F00C3E96E /* TabButton.swift in Sources */,
				C8B2119F270A443D00757643 /* StartViewPage2.swift in Sources */,
				C8B2117927037C5C00757643 /* StartView.swift in Sources */,
				C8B2119A270A3A2700757643 /* StartViewPage0.swift in Sources */,
				C8A4619226C440A600C8CCDE /* Category.swift in Sources */,
				C83BD56526EBDC62001FE902 /* NavDismissButton.swift in Sources */,
				C85580EA26D661D60099CDAB /* CategoryView.swift in Sources */,
				C8802A1526D17F5C00C3E96E /* Blur.swift in Sources */,
				C8802A1726D180DA00C3E96E /* ThemeModel.swift in Sources */,
				C85580E826D65B650099CDAB /* UDKeys.swift in Sources */,
				C85580E426D54E020099CDAB /* DataManager.swift in Sources */,
				C8CF3DD826DBF6BF0066B614 /* CategoryModel.swift in Sources */,
				C8802A0C26C9B67600C3E96E /* AffirmationViewModel.swift in Sources */,
				C83BD59826F64D17001FE902 /* BluredBackgroundView.swift in Sources */,
				C8B2117D2704C05F00757643 /* LocalTxt.swift in Sources */,
				C83BD4F826E7C524001FE902 /* SheetTypes.swift in Sources */,
				C81F25CD26FD93650026DD22 /* AlertTypes.swift in Sources */,
				C81F25CB26FD8F9F0026DD22 /* AlertManager.swift in Sources */,
				C8802A0E26CFB27A00C3E96E /* AffirmationButtons.swift in Sources */,
				C83BD4FD26E7CC68001FE902 /* AffirmationScroll.swift in Sources */,
				C83BD4FB26E7C91D001FE902 /* FavoritesView.swift in Sources */,
				C8B2119D270A3D4700757643 /* StartViewPage1.swift in Sources */,
				C83BD56126EBC472001FE902 /* FavoritesDismissButton.swift in Sources */,
				C8CF3DD626D8CBDD0066B614 /* CategoryViewModel.swift in Sources */,
				C8802A0926C83E7900C3E96E /* Data.swift in Sources */,
				C83BD56326EBD397001FE902 /* ThemeView.swift in Sources */,
				C83BD56E26EFBDCC001FE902 /* SettingsView.swift in Sources */,
				C8E48A9826C444E000C12CE2 /* AffirmationModel.swift in Sources */,
				C83BD56726ED0976001FE902 /* FontsView.swift in Sources */,
				C8802A0726C76D0E00C3E96E /* AffirmationView.swift in Sources */,
				C83BD57026F24EF1001FE902 /* AdsManager.swift in Sources */,
				C83BD58D26F4B6BC001FE902 /* AdsViewModel.swift in Sources */,
				C8A4618326C43E7F00C8CCDE /* MriffaApp.swift in Sources */,
				C83BD56926ED11A1001FE902 /* ThemeViewModel.swift in Sources */,
				C83BD56B26EE48D8001FE902 /* ThemeCard.swift in Sources */,
				C83BD58F26F4D3F4001FE902 /* ShareSheet.swift in Sources */,
				C83BD59526F62239001FE902 /* ICloudDocumentsManager.swift in Sources */,
				C8B2117B2704BFCC00757643 /* IAPManager.swift in Sources */,
				C8802A1026CFB31400C3E96E /* SettingsViewModel.swift in Sources */,
				C8CF3DDA26DC152D0066B614 /* CategoryButtonLabel.swift in Sources */,
				C85580EC26D6625D0099CDAB /* AffirmationTabView.swift in Sources */,
				C83BD59226F4F459001FE902 /* SettingsButton.swift in Sources */,
				C85580EE26D664640099CDAB /* ShowHeart.swift in Sources */,
			);
			runOnlyForDeploymentPostprocessing = 0;
		};
/* End PBXSourcesBuildPhase section */

/* Begin XCBuildConfiguration section */
		C8A4618C26C43E8100C8CCDE /* Debug */ = {
			isa = XCBuildConfiguration;
			buildSettings = {
				ALWAYS_SEARCH_USER_PATHS = NO;
				CLANG_ANALYZER_LOCALIZABILITY_NONLOCALIZED = YES;
				CLANG_ANALYZER_NONNULL = YES;
				CLANG_ANALYZER_NUMBER_OBJECT_CONVERSION = YES_AGGRESSIVE;
				CLANG_CXX_LANGUAGE_STANDARD = "gnu++14";
				CLANG_CXX_LIBRARY = "libc++";
				CLANG_ENABLE_MODULES = YES;
				CLANG_ENABLE_OBJC_ARC = YES;
				CLANG_ENABLE_OBJC_WEAK = YES;
				CLANG_WARN_BLOCK_CAPTURE_AUTORELEASING = YES;
				CLANG_WARN_BOOL_CONVERSION = YES;
				CLANG_WARN_COMMA = YES;
				CLANG_WARN_CONSTANT_CONVERSION = YES;
				CLANG_WARN_DEPRECATED_OBJC_IMPLEMENTATIONS = YES;
				CLANG_WARN_DIRECT_OBJC_ISA_USAGE = YES_ERROR;
				CLANG_WARN_DOCUMENTATION_COMMENTS = YES;
				CLANG_WARN_EMPTY_BODY = YES;
				CLANG_WARN_ENUM_CONVERSION = YES;
				CLANG_WARN_INFINITE_RECURSION = YES;
				CLANG_WARN_INT_CONVERSION = YES;
				CLANG_WARN_NON_LITERAL_NULL_CONVERSION = YES;
				CLANG_WARN_OBJC_IMPLICIT_RETAIN_SELF = YES;
				CLANG_WARN_OBJC_LITERAL_CONVERSION = YES;
				CLANG_WARN_OBJC_ROOT_CLASS = YES_ERROR;
				CLANG_WARN_QUOTED_INCLUDE_IN_FRAMEWORK_HEADER = YES;
				CLANG_WARN_RANGE_LOOP_ANALYSIS = YES;
				CLANG_WARN_STRICT_PROTOTYPES = YES;
				CLANG_WARN_SUSPICIOUS_MOVE = YES;
				CLANG_WARN_UNGUARDED_AVAILABILITY = YES_AGGRESSIVE;
				CLANG_WARN_UNREACHABLE_CODE = YES;
				CLANG_WARN__DUPLICATE_METHOD_MATCH = YES;
				COPY_PHASE_STRIP = NO;
				DEBUG_INFORMATION_FORMAT = dwarf;
				ENABLE_STRICT_OBJC_MSGSEND = YES;
				ENABLE_TESTABILITY = YES;
				GCC_C_LANGUAGE_STANDARD = gnu11;
				GCC_DYNAMIC_NO_PIC = NO;
				GCC_NO_COMMON_BLOCKS = YES;
				GCC_OPTIMIZATION_LEVEL = 0;
				GCC_PREPROCESSOR_DEFINITIONS = (
					"DEBUG=1",
					"$(inherited)",
				);
				GCC_WARN_64_TO_32_BIT_CONVERSION = YES;
				GCC_WARN_ABOUT_RETURN_TYPE = YES_ERROR;
				GCC_WARN_UNDECLARED_SELECTOR = YES;
				GCC_WARN_UNINITIALIZED_AUTOS = YES_AGGRESSIVE;
				GCC_WARN_UNUSED_FUNCTION = YES;
				GCC_WARN_UNUSED_VARIABLE = YES;
				IPHONEOS_DEPLOYMENT_TARGET = 14.5;
				MTL_ENABLE_DEBUG_INFO = INCLUDE_SOURCE;
				MTL_FAST_MATH = YES;
				ONLY_ACTIVE_ARCH = YES;
				SDKROOT = iphoneos;
				SWIFT_ACTIVE_COMPILATION_CONDITIONS = DEBUG;
				SWIFT_EMIT_LOC_STRINGS = YES;
				SWIFT_OPTIMIZATION_LEVEL = "-Onone";
			};
			name = Debug;
		};
		C8A4618D26C43E8100C8CCDE /* Release */ = {
			isa = XCBuildConfiguration;
			buildSettings = {
				ALWAYS_SEARCH_USER_PATHS = NO;
				CLANG_ANALYZER_LOCALIZABILITY_NONLOCALIZED = YES;
				CLANG_ANALYZER_NONNULL = YES;
				CLANG_ANALYZER_NUMBER_OBJECT_CONVERSION = YES_AGGRESSIVE;
				CLANG_CXX_LANGUAGE_STANDARD = "gnu++14";
				CLANG_CXX_LIBRARY = "libc++";
				CLANG_ENABLE_MODULES = YES;
				CLANG_ENABLE_OBJC_ARC = YES;
				CLANG_ENABLE_OBJC_WEAK = YES;
				CLANG_WARN_BLOCK_CAPTURE_AUTORELEASING = YES;
				CLANG_WARN_BOOL_CONVERSION = YES;
				CLANG_WARN_COMMA = YES;
				CLANG_WARN_CONSTANT_CONVERSION = YES;
				CLANG_WARN_DEPRECATED_OBJC_IMPLEMENTATIONS = YES;
				CLANG_WARN_DIRECT_OBJC_ISA_USAGE = YES_ERROR;
				CLANG_WARN_DOCUMENTATION_COMMENTS = YES;
				CLANG_WARN_EMPTY_BODY = YES;
				CLANG_WARN_ENUM_CONVERSION = YES;
				CLANG_WARN_INFINITE_RECURSION = YES;
				CLANG_WARN_INT_CONVERSION = YES;
				CLANG_WARN_NON_LITERAL_NULL_CONVERSION = YES;
				CLANG_WARN_OBJC_IMPLICIT_RETAIN_SELF = YES;
				CLANG_WARN_OBJC_LITERAL_CONVERSION = YES;
				CLANG_WARN_OBJC_ROOT_CLASS = YES_ERROR;
				CLANG_WARN_QUOTED_INCLUDE_IN_FRAMEWORK_HEADER = YES;
				CLANG_WARN_RANGE_LOOP_ANALYSIS = YES;
				CLANG_WARN_STRICT_PROTOTYPES = YES;
				CLANG_WARN_SUSPICIOUS_MOVE = YES;
				CLANG_WARN_UNGUARDED_AVAILABILITY = YES_AGGRESSIVE;
				CLANG_WARN_UNREACHABLE_CODE = YES;
				CLANG_WARN__DUPLICATE_METHOD_MATCH = YES;
				COPY_PHASE_STRIP = NO;
				DEBUG_INFORMATION_FORMAT = "dwarf-with-dsym";
				ENABLE_NS_ASSERTIONS = NO;
				ENABLE_STRICT_OBJC_MSGSEND = YES;
				GCC_C_LANGUAGE_STANDARD = gnu11;
				GCC_NO_COMMON_BLOCKS = YES;
				GCC_WARN_64_TO_32_BIT_CONVERSION = YES;
				GCC_WARN_ABOUT_RETURN_TYPE = YES_ERROR;
				GCC_WARN_UNDECLARED_SELECTOR = YES;
				GCC_WARN_UNINITIALIZED_AUTOS = YES_AGGRESSIVE;
				GCC_WARN_UNUSED_FUNCTION = YES;
				GCC_WARN_UNUSED_VARIABLE = YES;
				IPHONEOS_DEPLOYMENT_TARGET = 14.5;
				MTL_ENABLE_DEBUG_INFO = NO;
				MTL_FAST_MATH = YES;
				SDKROOT = iphoneos;
				SWIFT_COMPILATION_MODE = wholemodule;
				SWIFT_EMIT_LOC_STRINGS = YES;
				SWIFT_OPTIMIZATION_LEVEL = "-O";
				VALIDATE_PRODUCT = YES;
			};
			name = Release;
		};
		C8A4618F26C43E8100C8CCDE /* Debug */ = {
			isa = XCBuildConfiguration;
			baseConfigurationReference = 9C23E771FF3D91DB3FE12C81 /* Pods-Mriffa.debug.xcconfig */;
			buildSettings = {
				ASSETCATALOG_COMPILER_APPICON_NAME = AppIcon;
				ASSETCATALOG_COMPILER_GLOBAL_ACCENT_COLOR_NAME = AccentColor;
				CODE_SIGN_ENTITLEMENTS = Mriffa/Mriffa.entitlements;
				CODE_SIGN_STYLE = Automatic;
				DEVELOPMENT_ASSET_PATHS = "\"Mriffa/Preview Content\"";
				DEVELOPMENT_TEAM = 7C46924T49;
				ENABLE_PREVIEWS = YES;
				INFOPLIST_FILE = Mriffa/Info.plist;
				IPHONEOS_DEPLOYMENT_TARGET = 14.5;
				LD_RUNPATH_SEARCH_PATHS = (
					"$(inherited)",
					"@executable_path/Frameworks",
				);
				PRODUCT_BUNDLE_IDENTIFIER = VSA.Mriffa;
				PRODUCT_NAME = "$(TARGET_NAME)";
				SWIFT_VERSION = 5.0;
				TARGETED_DEVICE_FAMILY = "1,2";
			};
			name = Debug;
		};
		C8A4619026C43E8100C8CCDE /* Release */ = {
			isa = XCBuildConfiguration;
			baseConfigurationReference = 88E024EBA739EB656CFAAB17 /* Pods-Mriffa.release.xcconfig */;
			buildSettings = {
				ASSETCATALOG_COMPILER_APPICON_NAME = AppIcon;
				ASSETCATALOG_COMPILER_GLOBAL_ACCENT_COLOR_NAME = AccentColor;
				CODE_SIGN_ENTITLEMENTS = Mriffa/Mriffa.entitlements;
				CODE_SIGN_STYLE = Automatic;
				DEVELOPMENT_ASSET_PATHS = "\"Mriffa/Preview Content\"";
				DEVELOPMENT_TEAM = 7C46924T49;
				ENABLE_PREVIEWS = YES;
				INFOPLIST_FILE = Mriffa/Info.plist;
				IPHONEOS_DEPLOYMENT_TARGET = 14.5;
				LD_RUNPATH_SEARCH_PATHS = (
					"$(inherited)",
					"@executable_path/Frameworks",
				);
				PRODUCT_BUNDLE_IDENTIFIER = VSA.Mriffa;
				PRODUCT_NAME = "$(TARGET_NAME)";
				SWIFT_VERSION = 5.0;
				TARGETED_DEVICE_FAMILY = "1,2";
			};
			name = Release;
		};
/* End XCBuildConfiguration section */

/* Begin XCConfigurationList section */
		C8A4617A26C43E7F00C8CCDE /* Build configuration list for PBXProject "Mriffa" */ = {
			isa = XCConfigurationList;
			buildConfigurations = (
				C8A4618C26C43E8100C8CCDE /* Debug */,
				C8A4618D26C43E8100C8CCDE /* Release */,
			);
			defaultConfigurationIsVisible = 0;
			defaultConfigurationName = Release;
		};
		C8A4618E26C43E8100C8CCDE /* Build configuration list for PBXNativeTarget "Mriffa" */ = {
			isa = XCConfigurationList;
			buildConfigurations = (
				C8A4618F26C43E8100C8CCDE /* Debug */,
				C8A4619026C43E8100C8CCDE /* Release */,
			);
			defaultConfigurationIsVisible = 0;
			defaultConfigurationName = Release;
		};
/* End XCConfigurationList section */
	};
	rootObject = C8A4617726C43E7F00C8CCDE /* Project object */;
}
